
Microsoft Visual Studio Solution File, Format Version 12.00
# Visual Studio Version 16
VisualStudioVersion = 16.0.30002.166
MinimumVisualStudioVersion = 10.0.40219.1
Project("{9A19103F-16F7-4668-BE54-9A1E7A4F7556}") = "blazorImageProcessing", "blazorImageProcessing.csproj", "{C2E96431-8B72-4DA5-BC9F-4928D566EE67}"
EndProject
Global
	GlobalSection(SolutionConfigurationPlatforms) = preSolution
		Debug|Any CPU = Debug|Any CPU
		Release|Any CPU = Release|Any CPU
	EndGlobalSection
	GlobalSection(ProjectConfigurationPlatforms) = postSolution
		{C2E96431-8B72-4DA5-BC9F-4928D566EE67}.Debug|Any CPU.ActiveCfg = Debug|Any CPU
		{C2E96431-8B72-4DA5-BC9F-4928D566EE67}.Debug|Any CPU.Build.0 = Debug|Any CPU
		{C2E96431-8B72-4DA5-BC9F-4928D566EE67}.Release|Any CPU.ActiveCfg = Release|Any CPU
		{C2E96431-8B72-4DA5-BC9F-4928D566EE67}.Release|Any CPU.Build.0 = Release|Any CPU
	EndGlobalSection
	GlobalSection(SolutionProperties) = preSolution
		HideSolutionNode = FALSE
	EndGlobalSection
	GlobalSection(ExtensibilityGlobals) = postSolution
		SolutionGuid = {CBB53F2C-DDB4-4267-AC5D-51BC7AAEB84D}
	EndGlobalSection
EndGlobal
